
Microsoft Visual Studio Solution File, Format Version 12.00
# Visual Studio Version 17
VisualStudioVersion = 17.3.32929.385
MinimumVisualStudioVersion = 10.0.40219.1
Project("{FAE04EC0-301F-11D3-BF4B-00C04F79EFBC}") = "projectPP", "projectPP\projectPP.csproj", "{B6EC7C21-E6C1-4CA6-9E77-E18AB52648AA}"
EndProject
Project("{FAE04EC0-301F-11D3-BF4B-00C04F79EFBC}") = "projectPPTests", "projectPPTests\projectPPTests.csproj", "{66AFBD1B-ABF4-44D7-9920-0597447457FF}"
EndProject
Global
	GlobalSection(SolutionConfigurationPlatforms) = preSolution
		Debug|Any CPU = Debug|Any CPU
		Release|Any CPU = Release|Any CPU
	EndGlobalSection
	GlobalSection(ProjectConfigurationPlatforms) = postSolution
		{B6EC7C21-E6C1-4CA6-9E77-E18AB52648AA}.Debug|Any CPU.ActiveCfg = Debug|Any CPU
		{B6EC7C21-E6C1-4CA6-9E77-E18AB52648AA}.Debug|Any CPU.Build.0 = Debug|Any CPU
		{B6EC7C21-E6C1-4CA6-9E77-E18AB52648AA}.Release|Any CPU.ActiveCfg = Release|Any CPU
		{B6EC7C21-E6C1-4CA6-9E77-E18AB52648AA}.Release|Any CPU.Build.0 = Release|Any CPU
		{66AFBD1B-ABF4-44D7-9920-0597447457FF}.Debug|Any CPU.ActiveCfg = Debug|Any CPU
		{66AFBD1B-ABF4-44D7-9920-0597447457FF}.Debug|Any CPU.Build.0 = Debug|Any CPU
		{66AFBD1B-ABF4-44D7-9920-0597447457FF}.Release|Any CPU.ActiveCfg = Release|Any CPU
		{66AFBD1B-ABF4-44D7-9920-0597447457FF}.Release|Any CPU.Build.0 = Release|Any CPU
	EndGlobalSection
	GlobalSection(SolutionProperties) = preSolution
		HideSolutionNode = FALSE
	EndGlobalSection
	GlobalSection(ExtensibilityGlobals) = postSolution
		SolutionGuid = {2D6F30F1-AC7A-4BA1-A066-D296B9788CF9}
	EndGlobalSection
EndGlobal
